
Microsoft Visual Studio Solution File, Format Version 12.00
# Visual Studio Version 17
VisualStudioVersion = 17.5.002.0
MinimumVisualStudioVersion = 10.0.40219.1
Project("{9A19103F-16F7-4668-BE54-9A1E7A4F7556}") = "minimal-api", "minimal-api.csproj", "{FDD3A2D2-9DF3-48C9-BC1E-45C453643E70}"
EndProject
Global
	GlobalSection(SolutionConfigurationPlatforms) = preSolution
		Debug|Any CPU = Debug|Any CPU
		Release|Any CPU = Release|Any CPU
	EndGlobalSection
	GlobalSection(ProjectConfigurationPlatforms) = postSolution
		{FDD3A2D2-9DF3-48C9-BC1E-45C453643E70}.Debug|Any CPU.ActiveCfg = Debug|Any CPU
		{FDD3A2D2-9DF3-48C9-BC1E-45C453643E70}.Debug|Any CPU.Build.0 = Debug|Any CPU
		{FDD3A2D2-9DF3-48C9-BC1E-45C453643E70}.Release|Any CPU.ActiveCfg = Release|Any CPU
		{FDD3A2D2-9DF3-48C9-BC1E-45C453643E70}.Release|Any CPU.Build.0 = Release|Any CPU
	EndGlobalSection
	GlobalSection(SolutionProperties) = preSolution
		HideSolutionNode = FALSE
	EndGlobalSection
	GlobalSection(ExtensibilityGlobals) = postSolution
		SolutionGuid = {C77087F5-4BE1-466D-9492-5C2531464FB2}
	EndGlobalSection
EndGlobal
